
Microsoft Visual Studio Solution File, Format Version 9.00
# Visual Studio 2005
Project("{8BC9CEB8-8B4A-11D0-8D11-00A0C91BC942}") = "shellext", "shellext.vcproj", "{DD8C289F-DDEB-4664-A8CD-65A2B067A1DF}"
EndProject
Project("{8BC9CEB8-8B4A-11D0-8D11-00A0C91BC942}") = "install", "install.vcproj", "{81F0F7E1-E0A4-4907-9BBD-B13B5B19474A}"
EndProject
Project("{8BC9CEB8-8B4A-11D0-8D11-00A0C91BC942}") = "shellex64", "shellex64.vcproj", "{670B6D36-1AFE-463D-8311-D929C25AF68E}"
EndProject
Project("{8BC9CEB8-8B4A-11D0-8D11-00A0C91BC942}") = "FastCopy", "FastCopy.vcproj", "{D6FF3145-1A10-4739-8E42-C5327BF51584}"
EndProject
Global
	GlobalSection(SolutionConfigurationPlatforms) = preSolution
		Debug|Win32 = Debug|Win32
		Debug|x64 = Debug|x64
		Release|Win32 = Release|Win32
		Release|x64 = Release|x64
	EndGlobalSection
	GlobalSection(ProjectConfigurationPlatforms) = postSolution
		{DD8C289F-DDEB-4664-A8CD-65A2B067A1DF}.Debug|Win32.ActiveCfg = Debug|Win32
		{DD8C289F-DDEB-4664-A8CD-65A2B067A1DF}.Debug|x64.ActiveCfg = Debug|x64
		{DD8C289F-DDEB-4664-A8CD-65A2B067A1DF}.Release|Win32.ActiveCfg = Release|Win32
		{DD8C289F-DDEB-4664-A8CD-65A2B067A1DF}.Release|x64.ActiveCfg = Release|x64
		{81F0F7E1-E0A4-4907-9BBD-B13B5B19474A}.Debug|Win32.ActiveCfg = Debug|Win32
		{81F0F7E1-E0A4-4907-9BBD-B13B5B19474A}.Debug|x64.ActiveCfg = Debug|x64
		{81F0F7E1-E0A4-4907-9BBD-B13B5B19474A}.Debug|x64.Build.0 = Debug|x64
		{81F0F7E1-E0A4-4907-9BBD-B13B5B19474A}.Release|Win32.ActiveCfg = Release|Win32
		{81F0F7E1-E0A4-4907-9BBD-B13B5B19474A}.Release|x64.ActiveCfg = Release|x64
		{81F0F7E1-E0A4-4907-9BBD-B13B5B19474A}.Release|x64.Build.0 = Release|x64
		{670B6D36-1AFE-463D-8311-D929C25AF68E}.Debug|Win32.ActiveCfg = Debug|Win32
		{670B6D36-1AFE-463D-8311-D929C25AF68E}.Debug|x64.ActiveCfg = Debug|x64
		{670B6D36-1AFE-463D-8311-D929C25AF68E}.Debug|x64.Build.0 = Debug|x64
		{670B6D36-1AFE-463D-8311-D929C25AF68E}.Release|Win32.ActiveCfg = Release|Win32
		{670B6D36-1AFE-463D-8311-D929C25AF68E}.Release|x64.ActiveCfg = Release|x64
		{670B6D36-1AFE-463D-8311-D929C25AF68E}.Release|x64.Build.0 = Release|x64
		{D6FF3145-1A10-4739-8E42-C5327BF51584}.Debug|Win32.ActiveCfg = Debug|Win32
		{D6FF3145-1A10-4739-8E42-C5327BF51584}.Debug|x64.ActiveCfg = Debug|x64
		{D6FF3145-1A10-4739-8E42-C5327BF51584}.Debug|x64.Build.0 = Debug|x64
		{D6FF3145-1A10-4739-8E42-C5327BF51584}.Release|Win32.ActiveCfg = Release|Win32
		{D6FF3145-1A10-4739-8E42-C5327BF51584}.Release|x64.ActiveCfg = Release|x64
		{D6FF3145-1A10-4739-8E42-C5327BF51584}.Release|x64.Build.0 = Release|x64
	EndGlobalSection
	GlobalSection(SolutionProperties) = preSolution
		HideSolutionNode = FALSE
	EndGlobalSection
EndGlobal
